
Microsoft Visual Studio Solution File, Format Version 12.00
# Visual Studio Version 17
VisualStudioVersion = 17.5.33530.505
MinimumVisualStudioVersion = 10.0.40219.1
Project("{9A19103F-16F7-4668-BE54-9A1E7A4F7556}") = "MyFirstApi", "MyFirstApi\MyFirstApi.csproj", "{AC75D28C-B24A-4D33-9F81-D330F30F90D8}"
EndProject
Project("{FAE04EC0-301F-11D3-BF4B-00C04F79EFBC}") = "UnitTests", "UnitTests\UnitTests.csproj", "{0E4314A4-8DD4-4B72-AC37-C1F55E3E4A4D}"
EndProject
Global
	GlobalSection(SolutionConfigurationPlatforms) = preSolution
		Debug|Any CPU = Debug|Any CPU
		Release|Any CPU = Release|Any CPU
	EndGlobalSection
	GlobalSection(ProjectConfigurationPlatforms) = postSolution
		{AC75D28C-B24A-4D33-9F81-D330F30F90D8}.Debug|Any CPU.ActiveCfg = Debug|Any CPU
		{AC75D28C-B24A-4D33-9F81-D330F30F90D8}.Debug|Any CPU.Build.0 = Debug|Any CPU
		{AC75D28C-B24A-4D33-9F81-D330F30F90D8}.Release|Any CPU.ActiveCfg = Release|Any CPU
		{AC75D28C-B24A-4D33-9F81-D330F30F90D8}.Release|Any CPU.Build.0 = Release|Any CPU
		{0E4314A4-8DD4-4B72-AC37-C1F55E3E4A4D}.Debug|Any CPU.ActiveCfg = Debug|Any CPU
		{0E4314A4-8DD4-4B72-AC37-C1F55E3E4A4D}.Debug|Any CPU.Build.0 = Debug|Any CPU
		{0E4314A4-8DD4-4B72-AC37-C1F55E3E4A4D}.Release|Any CPU.ActiveCfg = Release|Any CPU
		{0E4314A4-8DD4-4B72-AC37-C1F55E3E4A4D}.Release|Any CPU.Build.0 = Release|Any CPU
	EndGlobalSection
	GlobalSection(SolutionProperties) = preSolution
		HideSolutionNode = FALSE
	EndGlobalSection
	GlobalSection(ExtensibilityGlobals) = postSolution
		SolutionGuid = {637E9BCA-F15B-4223-9764-F7A10619D5EA}
	EndGlobalSection
EndGlobal
